
Microsoft Visual Studio Solution File, Format Version 12.00
# Visual Studio 15
VisualStudioVersion = 15.0.26124.0
MinimumVisualStudioVersion = 15.0.26124.0
Project("{2150E333-8FDC-42A3-9474-1A3956D46DE8}") = "src", "src", "{37DC5B00-CAFB-4034-8FCE-6E7478EDE6AE}"
EndProject
Project("{2150E333-8FDC-42A3-9474-1A3956D46DE8}") = "test", "test", "{48E6BF22-6EB2-47EC-9D1E-998C3E03D255}"
EndProject
Project("{9A19103F-16F7-4668-BE54-9A1E7A4F7556}") = "BeepBong.App.XmlSeed", "src\BeepBong.App.XmlSeed\BeepBong.App.XmlSeed.csproj", "{C43BA4F8-0571-476D-9402-0C93AF3D7126}"
EndProject
Project("{9A19103F-16F7-4668-BE54-9A1E7A4F7556}") = "BeepBong.Application", "src\BeepBong.Application\BeepBong.Application.csproj", "{5EB6A10C-FFD9-4072-9DAC-38D409CCE28F}"
EndProject
Project("{9A19103F-16F7-4668-BE54-9A1E7A4F7556}") = "BeepBong.DataAccess", "src\BeepBong.DataAccess\BeepBong.DataAccess.csproj", "{8695397E-416C-4A54-8716-8AB3B53BCB14}"
EndProject
Project("{9A19103F-16F7-4668-BE54-9A1E7A4F7556}") = "BeepBong.Domain", "src\BeepBong.Domain\BeepBong.Domain.csproj", "{D4EE59A3-CEBF-4149-BACC-CB8DBBA935DD}"
EndProject
Project("{9A19103F-16F7-4668-BE54-9A1E7A4F7556}") = "BeepBong.Web", "src\BeepBong.Web\BeepBong.Web.csproj", "{0CBD1B82-28C1-462A-B174-A600E4B0C69D}"
EndProject
Project("{9A19103F-16F7-4668-BE54-9A1E7A4F7556}") = "BeepBong.Web.Vue", "src\BeepBong.Web.Vue\BeepBong.Web.Vue.csproj", "{C729CE9A-15BA-4403-A0E8-88BB7F082037}"
EndProject
Project("{2150E333-8FDC-42A3-9474-1A3956D46DE8}") = "BeepBong.SampleUpload", "BeepBong.SampleUpload", "{510D0BAD-4237-4303-90AE-A64C2D8E4F9C}"
EndProject
Project("{9A19103F-16F7-4668-BE54-9A1E7A4F7556}") = "BeepBong.SampleUpload", "src\BeepBong.SampleUpload\BeepBong.SampleUpload\BeepBong.SampleUpload.csproj", "{3888523E-1D8D-48CA-9334-9A7C375B57B3}"
EndProject
Project("{9A19103F-16F7-4668-BE54-9A1E7A4F7556}") = "BeepBong.SampleUpload.Desktop", "src\BeepBong.SampleUpload\BeepBong.SampleUpload.Desktop\BeepBong.SampleUpload.Desktop.csproj", "{0049FAA1-BEFB-4FA2-8C1B-7B27EED37ED7}"
EndProject
Project("{9A19103F-16F7-4668-BE54-9A1E7A4F7556}") = "BeepBong.Application.Test", "test\BeepBong.Application.Test\BeepBong.Application.Test.csproj", "{5211C419-E745-413F-B51A-67D128CA6AC1}"
EndProject
Project("{9A19103F-16F7-4668-BE54-9A1E7A4F7556}") = "BeepBong.DataAccess.Test", "test\BeepBong.DataAccess.Test\BeepBong.DataAccess.Test.csproj", "{85702860-4D35-4456-B54E-8ED4E02D1782}"
EndProject
Project("{9A19103F-16F7-4668-BE54-9A1E7A4F7556}") = "BeepBong.Web.Test", "test\BeepBong.Web.Test\BeepBong.Web.Test.csproj", "{9A3840C4-0C18-42F3-95B4-538DA44C4289}"
EndProject
Global
	GlobalSection(SolutionConfigurationPlatforms) = preSolution
		Debug|Any CPU = Debug|Any CPU
		Debug|x64 = Debug|x64
		Debug|x86 = Debug|x86
		Release|Any CPU = Release|Any CPU
		Release|x64 = Release|x64
		Release|x86 = Release|x86
	EndGlobalSection
	GlobalSection(ProjectConfigurationPlatforms) = postSolution
		{C43BA4F8-0571-476D-9402-0C93AF3D7126}.Debug|Any CPU.ActiveCfg = Debug|Any CPU
		{C43BA4F8-0571-476D-9402-0C93AF3D7126}.Debug|Any CPU.Build.0 = Debug|Any CPU
		{C43BA4F8-0571-476D-9402-0C93AF3D7126}.Debug|x64.ActiveCfg = Debug|Any CPU
		{C43BA4F8-0571-476D-9402-0C93AF3D7126}.Debug|x64.Build.0 = Debug|Any CPU
		{C43BA4F8-0571-476D-9402-0C93AF3D7126}.Debug|x86.ActiveCfg = Debug|Any CPU
		{C43BA4F8-0571-476D-9402-0C93AF3D7126}.Debug|x86.Build.0 = Debug|Any CPU
		{C43BA4F8-0571-476D-9402-0C93AF3D7126}.Release|Any CPU.ActiveCfg = Release|Any CPU
		{C43BA4F8-0571-476D-9402-0C93AF3D7126}.Release|Any CPU.Build.0 = Release|Any CPU
		{C43BA4F8-0571-476D-9402-0C93AF3D7126}.Release|x64.ActiveCfg = Release|Any CPU
		{C43BA4F8-0571-476D-9402-0C93AF3D7126}.Release|x64.Build.0 = Release|Any CPU
		{C43BA4F8-0571-476D-9402-0C93AF3D7126}.Release|x86.ActiveCfg = Release|Any CPU
		{C43BA4F8-0571-476D-9402-0C93AF3D7126}.Release|x86.Build.0 = Release|Any CPU
		{5EB6A10C-FFD9-4072-9DAC-38D409CCE28F}.Debug|Any CPU.ActiveCfg = Debug|Any CPU
		{5EB6A10C-FFD9-4072-9DAC-38D409CCE28F}.Debug|Any CPU.Build.0 = Debug|Any CPU
		{5EB6A10C-FFD9-4072-9DAC-38D409CCE28F}.Debug|x64.ActiveCfg = Debug|Any CPU
		{5EB6A10C-FFD9-4072-9DAC-38D409CCE28F}.Debug|x64.Build.0 = Debug|Any CPU
		{5EB6A10C-FFD9-4072-9DAC-38D409CCE28F}.Debug|x86.ActiveCfg = Debug|Any CPU
		{5EB6A10C-FFD9-4072-9DAC-38D409CCE28F}.Debug|x86.Build.0 = Debug|Any CPU
		{5EB6A10C-FFD9-4072-9DAC-38D409CCE28F}.Release|Any CPU.ActiveCfg = Release|Any CPU
		{5EB6A10C-FFD9-4072-9DAC-38D409CCE28F}.Release|Any CPU.Build.0 = Release|Any CPU
		{5EB6A10C-FFD9-4072-9DAC-38D409CCE28F}.Release|x64.ActiveCfg = Release|Any CPU
		{5EB6A10C-FFD9-4072-9DAC-38D409CCE28F}.Release|x64.Build.0 = Release|Any CPU
		{5EB6A10C-FFD9-4072-9DAC-38D409CCE28F}.Release|x86.ActiveCfg = Release|Any CPU
		{5EB6A10C-FFD9-4072-9DAC-38D409CCE28F}.Release|x86.Build.0 = Release|Any CPU
		{8695397E-416C-4A54-8716-8AB3B53BCB14}.Debug|Any CPU.ActiveCfg = Debug|Any CPU
		{8695397E-416C-4A54-8716-8AB3B53BCB14}.Debug|Any CPU.Build.0 = Debug|Any CPU
		{8695397E-416C-4A54-8716-8AB3B53BCB14}.Debug|x64.ActiveCfg = Debug|Any CPU
		{8695397E-416C-4A54-8716-8AB3B53BCB14}.Debug|x64.Build.0 = Debug|Any CPU
		{8695397E-416C-4A54-8716-8AB3B53BCB14}.Debug|x86.ActiveCfg = Debug|Any CPU
		{8695397E-416C-4A54-8716-8AB3B53BCB14}.Debug|x86.Build.0 = Debug|Any CPU
		{8695397E-416C-4A54-8716-8AB3B53BCB14}.Release|Any CPU.ActiveCfg = Release|Any CPU
		{8695397E-416C-4A54-8716-8AB3B53BCB14}.Release|Any CPU.Build.0 = Release|Any CPU
		{8695397E-416C-4A54-8716-8AB3B53BCB14}.Release|x64.ActiveCfg = Release|Any CPU
		{8695397E-416C-4A54-8716-8AB3B53BCB14}.Release|x64.Build.0 = Release|Any CPU
		{8695397E-416C-4A54-8716-8AB3B53BCB14}.Release|x86.ActiveCfg = Release|Any CPU
		{8695397E-416C-4A54-8716-8AB3B53BCB14}.Release|x86.Build.0 = Release|Any CPU
		{D4EE59A3-CEBF-4149-BACC-CB8DBBA935DD}.Debug|Any CPU.ActiveCfg = Debug|Any CPU
		{D4EE59A3-CEBF-4149-BACC-CB8DBBA935DD}.Debug|Any CPU.Build.0 = Debug|Any CPU
		{D4EE59A3-CEBF-4149-BACC-CB8DBBA935DD}.Debug|x64.ActiveCfg = Debug|Any CPU
		{D4EE59A3-CEBF-4149-BACC-CB8DBBA935DD}.Debug|x64.Build.0 = Debug|Any CPU
		{D4EE59A3-CEBF-4149-BACC-CB8DBBA935DD}.Debug|x86.ActiveCfg = Debug|Any CPU
		{D4EE59A3-CEBF-4149-BACC-CB8DBBA935DD}.Debug|x86.Build.0 = Debug|Any CPU
		{D4EE59A3-CEBF-4149-BACC-CB8DBBA935DD}.Release|Any CPU.ActiveCfg = Release|Any CPU
		{D4EE59A3-CEBF-4149-BACC-CB8DBBA935DD}.Release|Any CPU.Build.0 = Release|Any CPU
		{D4EE59A3-CEBF-4149-BACC-CB8DBBA935DD}.Release|x64.ActiveCfg = Release|Any CPU
		{D4EE59A3-CEBF-4149-BACC-CB8DBBA935DD}.Release|x64.Build.0 = Release|Any CPU
		{D4EE59A3-CEBF-4149-BACC-CB8DBBA935DD}.Release|x86.ActiveCfg = Release|Any CPU
		{D4EE59A3-CEBF-4149-BACC-CB8DBBA935DD}.Release|x86.Build.0 = Release|Any CPU
		{0CBD1B82-28C1-462A-B174-A600E4B0C69D}.Debug|Any CPU.ActiveCfg = Debug|Any CPU
		{0CBD1B82-28C1-462A-B174-A600E4B0C69D}.Debug|Any CPU.Build.0 = Debug|Any CPU
		{0CBD1B82-28C1-462A-B174-A600E4B0C69D}.Debug|x64.ActiveCfg = Debug|Any CPU
		{0CBD1B82-28C1-462A-B174-A600E4B0C69D}.Debug|x64.Build.0 = Debug|Any CPU
		{0CBD1B82-28C1-462A-B174-A600E4B0C69D}.Debug|x86.ActiveCfg = Debug|Any CPU
		{0CBD1B82-28C1-462A-B174-A600E4B0C69D}.Debug|x86.Build.0 = Debug|Any CPU
		{0CBD1B82-28C1-462A-B174-A600E4B0C69D}.Release|Any CPU.ActiveCfg = Release|Any CPU
		{0CBD1B82-28C1-462A-B174-A600E4B0C69D}.Release|Any CPU.Build.0 = Release|Any CPU
		{0CBD1B82-28C1-462A-B174-A600E4B0C69D}.Release|x64.ActiveCfg = Release|Any CPU
		{0CBD1B82-28C1-462A-B174-A600E4B0C69D}.Release|x64.Build.0 = Release|Any CPU
		{0CBD1B82-28C1-462A-B174-A600E4B0C69D}.Release|x86.ActiveCfg = Release|Any CPU
		{0CBD1B82-28C1-462A-B174-A600E4B0C69D}.Release|x86.Build.0 = Release|Any CPU
		{C729CE9A-15BA-4403-A0E8-88BB7F082037}.Debug|Any CPU.ActiveCfg = Debug|Any CPU
		{C729CE9A-15BA-4403-A0E8-88BB7F082037}.Debug|Any CPU.Build.0 = Debug|Any CPU
		{C729CE9A-15BA-4403-A0E8-88BB7F082037}.Debug|x64.ActiveCfg = Debug|Any CPU
		{C729CE9A-15BA-4403-A0E8-88BB7F082037}.Debug|x64.Build.0 = Debug|Any CPU
		{C729CE9A-15BA-4403-A0E8-88BB7F082037}.Debug|x86.ActiveCfg = Debug|Any CPU
		{C729CE9A-15BA-4403-A0E8-88BB7F082037}.Debug|x86.Build.0 = Debug|Any CPU
		{C729CE9A-15BA-4403-A0E8-88BB7F082037}.Release|Any CPU.ActiveCfg = Release|Any CPU
		{C729CE9A-15BA-4403-A0E8-88BB7F082037}.Release|Any CPU.Build.0 = Release|Any CPU
		{C729CE9A-15BA-4403-A0E8-88BB7F082037}.Release|x64.ActiveCfg = Release|Any CPU
		{C729CE9A-15BA-4403-A0E8-88BB7F082037}.Release|x64.Build.0 = Release|Any CPU
		{C729CE9A-15BA-4403-A0E8-88BB7F082037}.Release|x86.ActiveCfg = Release|Any CPU
		{C729CE9A-15BA-4403-A0E8-88BB7F082037}.Release|x86.Build.0 = Release|Any CPU
		{3888523E-1D8D-48CA-9334-9A7C375B57B3}.Debug|Any CPU.ActiveCfg = Debug|Any CPU
		{3888523E-1D8D-48CA-9334-9A7C375B57B3}.Debug|Any CPU.Build.0 = Debug|Any CPU
		{3888523E-1D8D-48CA-9334-9A7C375B57B3}.Debug|x64.ActiveCfg = Debug|Any CPU
		{3888523E-1D8D-48CA-9334-9A7C375B57B3}.Debug|x64.Build.0 = Debug|Any CPU
		{3888523E-1D8D-48CA-9334-9A7C375B57B3}.Debug|x86.ActiveCfg = Debug|Any CPU
		{3888523E-1D8D-48CA-9334-9A7C375B57B3}.Debug|x86.Build.0 = Debug|Any CPU
		{3888523E-1D8D-48CA-9334-9A7C375B57B3}.Release|Any CPU.ActiveCfg = Release|Any CPU
		{3888523E-1D8D-48CA-9334-9A7C375B57B3}.Release|Any CPU.Build.0 = Release|Any CPU
		{3888523E-1D8D-48CA-9334-9A7C375B57B3}.Release|x64.ActiveCfg = Release|Any CPU
		{3888523E-1D8D-48CA-9334-9A7C375B57B3}.Release|x64.Build.0 = Release|Any CPU
		{3888523E-1D8D-48CA-9334-9A7C375B57B3}.Release|x86.ActiveCfg = Release|Any CPU
		{3888523E-1D8D-48CA-9334-9A7C375B57B3}.Release|x86.Build.0 = Release|Any CPU
		{0049FAA1-BEFB-4FA2-8C1B-7B27EED37ED7}.Debug|Any CPU.ActiveCfg = Debug|Any CPU
		{0049FAA1-BEFB-4FA2-8C1B-7B27EED37ED7}.Debug|Any CPU.Build.0 = Debug|Any CPU
		{0049FAA1-BEFB-4FA2-8C1B-7B27EED37ED7}.Debug|x64.ActiveCfg = Debug|Any CPU
		{0049FAA1-BEFB-4FA2-8C1B-7B27EED37ED7}.Debug|x64.Build.0 = Debug|Any CPU
		{0049FAA1-BEFB-4FA2-8C1B-7B27EED37ED7}.Debug|x86.ActiveCfg = Debug|Any CPU
		{0049FAA1-BEFB-4FA2-8C1B-7B27EED37ED7}.Debug|x86.Build.0 = Debug|Any CPU
		{0049FAA1-BEFB-4FA2-8C1B-7B27EED37ED7}.Release|Any CPU.ActiveCfg = Release|Any CPU
		{0049FAA1-BEFB-4FA2-8C1B-7B27EED37ED7}.Release|Any CPU.Build.0 = Release|Any CPU
		{0049FAA1-BEFB-4FA2-8C1B-7B27EED37ED7}.Release|x64.ActiveCfg = Release|Any CPU
		{0049FAA1-BEFB-4FA2-8C1B-7B27EED37ED7}.Release|x64.Build.0 = Release|Any CPU
		{0049FAA1-BEFB-4FA2-8C1B-7B27EED37ED7}.Release|x86.ActiveCfg = Release|Any CPU
		{0049FAA1-BEFB-4FA2-8C1B-7B27EED37ED7}.Release|x86.Build.0 = Release|Any CPU
		{5211C419-E745-413F-B51A-67D128CA6AC1}.Debug|Any CPU.ActiveCfg = Debug|Any CPU
		{5211C419-E745-413F-B51A-67D128CA6AC1}.Debug|Any CPU.Build.0 = Debug|Any CPU
		{5211C419-E745-413F-B51A-67D128CA6AC1}.Debug|x64.ActiveCfg = Debug|Any CPU
		{5211C419-E745-413F-B51A-67D128CA6AC1}.Debug|x64.Build.0 = Debug|Any CPU
		{5211C419-E745-413F-B51A-67D128CA6AC1}.Debug|x86.ActiveCfg = Debug|Any CPU
		{5211C419-E745-413F-B51A-67D128CA6AC1}.Debug|x86.Build.0 = Debug|Any CPU
		{5211C419-E745-413F-B51A-67D128CA6AC1}.Release|Any CPU.ActiveCfg = Release|Any CPU
		{5211C419-E745-413F-B51A-67D128CA6AC1}.Release|Any CPU.Build.0 = Release|Any CPU
		{5211C419-E745-413F-B51A-67D128CA6AC1}.Release|x64.ActiveCfg = Release|Any CPU
		{5211C419-E745-413F-B51A-67D128CA6AC1}.Release|x64.Build.0 = Release|Any CPU
		{5211C419-E745-413F-B51A-67D128CA6AC1}.Release|x86.ActiveCfg = Release|Any CPU
		{5211C419-E745-413F-B51A-67D128CA6AC1}.Release|x86.Build.0 = Release|Any CPU
		{85702860-4D35-4456-B54E-8ED4E02D1782}.Debug|Any CPU.ActiveCfg = Debug|Any CPU
		{85702860-4D35-4456-B54E-8ED4E02D1782}.Debug|Any CPU.Build.0 = Debug|Any CPU
		{85702860-4D35-4456-B54E-8ED4E02D1782}.Debug|x64.ActiveCfg = Debug|Any CPU
		{85702860-4D35-4456-B54E-8ED4E02D1782}.Debug|x64.Build.0 = Debug|Any CPU
		{85702860-4D35-4456-B54E-8ED4E02D1782}.Debug|x86.ActiveCfg = Debug|Any CPU
		{85702860-4D35-4456-B54E-8ED4E02D1782}.Debug|x86.Build.0 = Debug|Any CPU
		{85702860-4D35-4456-B54E-8ED4E02D1782}.Release|Any CPU.ActiveCfg = Release|Any CPU
		{85702860-4D35-4456-B54E-8ED4E02D1782}.Release|Any CPU.Build.0 = Release|Any CPU
		{85702860-4D35-4456-B54E-8ED4E02D1782}.Release|x64.ActiveCfg = Release|Any CPU
		{85702860-4D35-4456-B54E-8ED4E02D1782}.Release|x64.Build.0 = Release|Any CPU
		{85702860-4D35-4456-B54E-8ED4E02D1782}.Release|x86.ActiveCfg = Release|Any CPU
		{85702860-4D35-4456-B54E-8ED4E02D1782}.Release|x86.Build.0 = Release|Any CPU
		{9A3840C4-0C18-42F3-95B4-538DA44C4289}.Debug|Any CPU.ActiveCfg = Debug|Any CPU
		{9A3840C4-0C18-42F3-95B4-538DA44C4289}.Debug|Any CPU.Build.0 = Debug|Any CPU
		{9A3840C4-0C18-42F3-95B4-538DA44C4289}.Debug|x64.ActiveCfg = Debug|Any CPU
		{9A3840C4-0C18-42F3-95B4-538DA44C4289}.Debug|x64.Build.0 = Debug|Any CPU
		{9A3840C4-0C18-42F3-95B4-538DA44C4289}.Debug|x86.ActiveCfg = Debug|Any CPU
		{9A3840C4-0C18-42F3-95B4-538DA44C4289}.Debug|x86.Build.0 = Debug|Any CPU
		{9A3840C4-0C18-42F3-95B4-538DA44C4289}.Release|Any CPU.ActiveCfg = Release|Any CPU
		{9A3840C4-0C18-42F3-95B4-538DA44C4289}.Release|Any CPU.Build.0 = Release|Any CPU
		{9A3840C4-0C18-42F3-95B4-538DA44C4289}.Release|x64.ActiveCfg = Release|Any CPU
		{9A3840C4-0C18-42F3-95B4-538DA44C4289}.Release|x64.Build.0 = Release|Any CPU
		{9A3840C4-0C18-42F3-95B4-538DA44C4289}.Release|x86.ActiveCfg = Release|Any CPU
		{9A3840C4-0C18-42F3-95B4-538DA44C4289}.Release|x86.Build.0 = Release|Any CPU
	EndGlobalSection
	GlobalSection(SolutionProperties) = preSolution
		HideSolutionNode = FALSE
	EndGlobalSection
	GlobalSection(NestedProjects) = preSolution
		{C43BA4F8-0571-476D-9402-0C93AF3D7126} = {37DC5B00-CAFB-4034-8FCE-6E7478EDE6AE}
		{5EB6A10C-FFD9-4072-9DAC-38D409CCE28F} = {37DC5B00-CAFB-4034-8FCE-6E7478EDE6AE}
		{8695397E-416C-4A54-8716-8AB3B53BCB14} = {37DC5B00-CAFB-4034-8FCE-6E7478EDE6AE}
		{D4EE59A3-CEBF-4149-BACC-CB8DBBA935DD} = {37DC5B00-CAFB-4034-8FCE-6E7478EDE6AE}
		{0CBD1B82-28C1-462A-B174-A600E4B0C69D} = {37DC5B00-CAFB-4034-8FCE-6E7478EDE6AE}
		{C729CE9A-15BA-4403-A0E8-88BB7F082037} = {37DC5B00-CAFB-4034-8FCE-6E7478EDE6AE}
		{510D0BAD-4237-4303-90AE-A64C2D8E4F9C} = {37DC5B00-CAFB-4034-8FCE-6E7478EDE6AE}
		{3888523E-1D8D-48CA-9334-9A7C375B57B3} = {510D0BAD-4237-4303-90AE-A64C2D8E4F9C}
		{0049FAA1-BEFB-4FA2-8C1B-7B27EED37ED7} = {510D0BAD-4237-4303-90AE-A64C2D8E4F9C}
		{5211C419-E745-413F-B51A-67D128CA6AC1} = {48E6BF22-6EB2-47EC-9D1E-998C3E03D255}
		{85702860-4D35-4456-B54E-8ED4E02D1782} = {48E6BF22-6EB2-47EC-9D1E-998C3E03D255}
		{9A3840C4-0C18-42F3-95B4-538DA44C4289} = {48E6BF22-6EB2-47EC-9D1E-998C3E03D255}
	EndGlobalSection
	GlobalSection(ExtensibilityGlobals) = postSolution
		SolutionGuid = {AF0F8BE9-78DF-4B9C-8CDE-B68229BB3DE3}
	EndGlobalSection
EndGlobal
